
Microsoft Visual Studio Solution File, Format Version 12.00
# Visual Studio Version 17
VisualStudioVersion = 17.0.31903.59
MinimumVisualStudioVersion = 10.0.40219.1
Project("{FAE04EC0-301F-11D3-BF4B-00C04F79EFBC}") = "ConsoleApp1", "ConsoleApp1\ConsoleApp1.csproj", "{01C656C7-0BCD-4E62-99F4-66806EA64A8A}"
EndProject
Project("{FAE04EC0-301F-11D3-BF4B-00C04F79EFBC}") = "NoException2", "NoException2\NoException2.csproj", "{B218175E-0676-40FE-A91A-64A73CE198C1}"
EndProject
Project("{FAE04EC0-301F-11D3-BF4B-00C04F79EFBC}") = "mathMaguc", "mathMaguc\mathMaguc.csproj", "{C8028997-4D5B-48C8-9587-ADEFD9EFD46D}"
EndProject
Project("{FAE04EC0-301F-11D3-BF4B-00C04F79EFBC}") = "mathMagic", "mathMagic\mathMagic.csproj", "{A2344087-F306-41C9-BBC4-B212A439F46E}"
EndProject
Project("{FAE04EC0-301F-11D3-BF4B-00C04F79EFBC}") = "tempConverter", "tempConverter\tempConverter.csproj", "{4D56796D-450A-469C-A1E0-581EADD5D000}"
EndProject
Project("{FAE04EC0-301F-11D3-BF4B-00C04F79EFBC}") = "tempConverter2", "tempConverter2\tempConverter2.csproj", "{C8E96F14-B3AE-4D92-A5A6-A4818E595072}"
EndProject
Project("{FAE04EC0-301F-11D3-BF4B-00C04F79EFBC}") = "bookStore", "bookStore\bookStore.csproj", "{C4732413-A8B1-4AF4-AACC-73DDD4D0CB43}"
EndProject
Project("{FAE04EC0-301F-11D3-BF4B-00C04F79EFBC}") = "bookStoreWithCount", "bookStoreWithCount\bookStoreWithCount.csproj", "{C7E0D9D0-1DC6-482D-9EFC-21BCD96364A3}"
EndProject
Project("{FAE04EC0-301F-11D3-BF4B-00C04F79EFBC}") = "myProject", "myProject\myProject.csproj", "{B1E3878A-A9B8-47FB-ABE0-ECFF364293B7}"
EndProject
Project("{FAE04EC0-301F-11D3-BF4B-00C04F79EFBC}") = "FunWithMusic", "FunWithMusic\FunWithMusic.csproj", "{C133CCE2-9EF7-40D6-B4CB-DDBF2BCD2427}"
EndProject
Project("{FAE04EC0-301F-11D3-BF4B-00C04F79EFBC}") = "MusicArray", "MusicArray\MusicArray.csproj", "{A920136E-A808-4663-B80C-D0AAE201115C}"
EndProject
Project("{FAE04EC0-301F-11D3-BF4B-00C04F79EFBC}") = "myParams", "myParams\myParams.csproj", "{6F6F86C2-D006-48D8-BAFB-64755BDE8CDE}"
EndProject
Project("{FAE04EC0-301F-11D3-BF4B-00C04F79EFBC}") = "SimpleInheritance", "SimpleInheritance\SimpleInheritance.csproj", "{E5D43E43-04E5-4615-936B-83487DE05139}"
EndProject
Project("{FAE04EC0-301F-11D3-BF4B-00C04F79EFBC}") = "AnimalInheritance", "AnimalInheritance\AnimalInheritance.csproj", "{D1CE87DB-0A35-4200-A584-CAC86CB0D659}"
EndProject
Project("{FAE04EC0-301F-11D3-BF4B-00C04F79EFBC}") = "PrivateMultipleObjects", "PrivateMultipleObjects\PrivateMultipleObjects.csproj", "{BE5A138C-65CC-4529-8C83-01B7B052D195}"
EndProject
Project("{FAE04EC0-301F-11D3-BF4B-00C04F79EFBC}") = "ProtectedMultipleObjects", "ProtectedMultipleObjects\ProtectedMultipleObjects.csproj", "{10773CA9-57F6-42DA-A38D-1D82D79C655D}"
EndProject
Project("{FAE04EC0-301F-11D3-BF4B-00C04F79EFBC}") = "ClubInterface", "ClubInterface\ClubInterface.csproj", "{668C7AB6-C74E-4369-BDD3-144F8E26BD36}"
EndProject
Project("{FAE04EC0-301F-11D3-BF4B-00C04F79EFBC}") = "SealedClass", "SealedClass\SealedClass.csproj", "{40877346-218B-4FFD-A1DA-07F56975C18E}"
EndProject
Project("{FAE04EC0-301F-11D3-BF4B-00C04F79EFBC}") = "AbstractAnimalClass", "AbstractAnimalClass\AbstractAnimalClass.csproj", "{7119987B-CFE6-4C10-862B-BFBC45B9D2CE}"
EndProject
Project("{FAE04EC0-301F-11D3-BF4B-00C04F79EFBC}") = "AbstractPokemonClass", "AbstractPokemonClass\AbstractPokemonClass.csproj", "{3DB8CE9D-300F-46AA-8F58-27C0EBAABA4E}"
EndProject
Project("{FAE04EC0-301F-11D3-BF4B-00C04F79EFBC}") = "UsingCollections", "UsingCollections\UsingCollections.csproj", "{963B6AE8-6366-46B1-9B94-852B424FD26D}"
EndProject
Project("{FAE04EC0-301F-11D3-BF4B-00C04F79EFBC}") = "LambdaExpressions", "LambdaExpressions\LambdaExpressions.csproj", "{E5DD33F0-3EC3-477B-9FF1-9FC1E601870F}"
EndProject
Project("{FAE04EC0-301F-11D3-BF4B-00C04F79EFBC}") = "Audit", "Audit\Audit.csproj", "{B9024E2D-C2F5-47B7-9890-4D68976687E0}"
EndProject
Project("{FAE04EC0-301F-11D3-BF4B-00C04F79EFBC}") = "bookStoreRecord", "bookStoreRecord\bookStoreRecord.csproj", "{865F2856-DCCE-44BF-99F7-871AD8908951}"
EndProject
Project("{FAE04EC0-301F-11D3-BF4B-00C04F79EFBC}") = "immutableID", "immutableID\immutableID.csproj", "{6A62F7D8-CF04-4444-B479-4A87D3AC5B3E}"
EndProject
Project("{FAE04EC0-301F-11D3-BF4B-00C04F79EFBC}") = "clubMemberIndexer", "clubMemberIndexer\clubMemberIndexer.csproj", "{7360CF5B-C2E7-4A9A-9AB2-DC82C47FE4CF}"
EndProject
Project("{FAE04EC0-301F-11D3-BF4B-00C04F79EFBC}") = "GenericAnimalClass", "GenericAnimalClass\GenericAnimalClass.csproj", "{85AB0C8A-3DC6-4945-A881-C318F6702F38}"
EndProject
Project("{FAE04EC0-301F-11D3-BF4B-00C04F79EFBC}") = "WordOfTheDay", "WordOfTheDay\WordOfTheDay.csproj", "{9434524E-E9DE-4F8F-AE67-85CD2EDCD0B5}"
EndProject
Project("{FAE04EC0-301F-11D3-BF4B-00C04F79EFBC}") = "MulticastDelegates", "MulticastDelegates\MulticastDelegates.csproj", "{CBDBEDEE-4DC5-4918-9160-4061D69B1204}"
EndProject
Project("{FAE04EC0-301F-11D3-BF4B-00C04F79EFBC}") = "WorkingWithDelegates", "WorkingWithDelegates\WorkingWithDelegates.csproj", "{A320FB18-AE5B-4E7A-95D4-0556D2A424F4}"
EndProject
Project("{FAE04EC0-301F-11D3-BF4B-00C04F79EFBC}") = "DelegatesAndEvents", "DelegatesAndEvents\DelegatesAndEvents.csproj", "{3B046E18-9DE0-4809-BA56-25FB3D36FA1B}"
EndProject
Project("{FAE04EC0-301F-11D3-BF4B-00C04F79EFBC}") = "DelegatesAndExamples", "DelegatesAndExamples\DelegatesAndExamples.csproj", "{6D0A8893-A494-47BD-8FA0-8F220A9EA176}"
EndProject
Project("{FAE04EC0-301F-11D3-BF4B-00C04F79EFBC}") = "flask_projects", "flask_projects\flask_projects.csproj", "{A1CB3948-5B69-421C-B249-F4F213E5B4E5}"
EndProject
Project("{FAE04EC0-301F-11D3-BF4B-00C04F79EFBC}") = "LINQQuerySyntax", "LINQQuerySyntax\LINQQuerySyntax.csproj", "{3614C40C-2AEB-43A3-B273-DADCDE7E3A5D}"
EndProject
Project("{FAE04EC0-301F-11D3-BF4B-00C04F79EFBC}") = "LINQMethodSyntax", "LINQMethodSyntax\LINQMethodSyntax.csproj", "{84A218FF-FB86-426C-99ED-317E86008EA8}"
EndProject
Project("{FAE04EC0-301F-11D3-BF4B-00C04F79EFBC}") = "OperatorOverloading", "OperatorOverloading\OperatorOverloading.csproj", "{B599A9DD-435D-4E52-8F21-F0226F6B4409}"
EndProject
Project("{FAE04EC0-301F-11D3-BF4B-00C04F79EFBC}") = "OverloadingOperatorPt2", "OverloadingOperatorPt2\OverloadingOperatorPt2.csproj", "{AD06326B-F19D-49E7-98F1-AAED28052679}"
EndProject
Project("{FAE04EC0-301F-11D3-BF4B-00C04F79EFBC}") = "OperatorOverloadingTwo", "OperatorOverloadingTwo\OperatorOverloadingTwo.csproj", "{DF34E170-2291-4416-B3C9-48CCBFC81930}"
EndProject
Project("{FAE04EC0-301F-11D3-BF4B-00C04F79EFBC}") = "ThreadRace", "ThreadRace\ThreadRace.csproj", "{3D86F79A-CC3E-4FF7-82DD-E97737DD3002}"
EndProject
Project("{FAE04EC0-301F-11D3-BF4B-00C04F79EFBC}") = "taskRace", "taskRace\taskRace.csproj", "{E291BFB2-513C-4C23-941B-F6565E936883}"
EndProject
Global
	GlobalSection(SolutionConfigurationPlatforms) = preSolution
		Debug|Any CPU = Debug|Any CPU
		Release|Any CPU = Release|Any CPU
	EndGlobalSection
	GlobalSection(SolutionProperties) = preSolution
		HideSolutionNode = FALSE
	EndGlobalSection
	GlobalSection(ProjectConfigurationPlatforms) = postSolution
		{01C656C7-0BCD-4E62-99F4-66806EA64A8A}.Debug|Any CPU.ActiveCfg = Debug|Any CPU
		{01C656C7-0BCD-4E62-99F4-66806EA64A8A}.Debug|Any CPU.Build.0 = Debug|Any CPU
		{01C656C7-0BCD-4E62-99F4-66806EA64A8A}.Release|Any CPU.ActiveCfg = Release|Any CPU
		{01C656C7-0BCD-4E62-99F4-66806EA64A8A}.Release|Any CPU.Build.0 = Release|Any CPU
		{B218175E-0676-40FE-A91A-64A73CE198C1}.Debug|Any CPU.ActiveCfg = Debug|Any CPU
		{B218175E-0676-40FE-A91A-64A73CE198C1}.Debug|Any CPU.Build.0 = Debug|Any CPU
		{B218175E-0676-40FE-A91A-64A73CE198C1}.Release|Any CPU.ActiveCfg = Release|Any CPU
		{B218175E-0676-40FE-A91A-64A73CE198C1}.Release|Any CPU.Build.0 = Release|Any CPU
		{C8028997-4D5B-48C8-9587-ADEFD9EFD46D}.Debug|Any CPU.ActiveCfg = Debug|Any CPU
		{C8028997-4D5B-48C8-9587-ADEFD9EFD46D}.Debug|Any CPU.Build.0 = Debug|Any CPU
		{C8028997-4D5B-48C8-9587-ADEFD9EFD46D}.Release|Any CPU.ActiveCfg = Release|Any CPU
		{C8028997-4D5B-48C8-9587-ADEFD9EFD46D}.Release|Any CPU.Build.0 = Release|Any CPU
		{A2344087-F306-41C9-BBC4-B212A439F46E}.Debug|Any CPU.ActiveCfg = Debug|Any CPU
		{A2344087-F306-41C9-BBC4-B212A439F46E}.Debug|Any CPU.Build.0 = Debug|Any CPU
		{A2344087-F306-41C9-BBC4-B212A439F46E}.Release|Any CPU.ActiveCfg = Release|Any CPU
		{A2344087-F306-41C9-BBC4-B212A439F46E}.Release|Any CPU.Build.0 = Release|Any CPU
		{4D56796D-450A-469C-A1E0-581EADD5D000}.Debug|Any CPU.ActiveCfg = Debug|Any CPU
		{4D56796D-450A-469C-A1E0-581EADD5D000}.Debug|Any CPU.Build.0 = Debug|Any CPU
		{4D56796D-450A-469C-A1E0-581EADD5D000}.Release|Any CPU.ActiveCfg = Release|Any CPU
		{4D56796D-450A-469C-A1E0-581EADD5D000}.Release|Any CPU.Build.0 = Release|Any CPU
		{C8E96F14-B3AE-4D92-A5A6-A4818E595072}.Debug|Any CPU.ActiveCfg = Debug|Any CPU
		{C8E96F14-B3AE-4D92-A5A6-A4818E595072}.Debug|Any CPU.Build.0 = Debug|Any CPU
		{C8E96F14-B3AE-4D92-A5A6-A4818E595072}.Release|Any CPU.ActiveCfg = Release|Any CPU
		{C8E96F14-B3AE-4D92-A5A6-A4818E595072}.Release|Any CPU.Build.0 = Release|Any CPU
		{C4732413-A8B1-4AF4-AACC-73DDD4D0CB43}.Debug|Any CPU.ActiveCfg = Debug|Any CPU
		{C4732413-A8B1-4AF4-AACC-73DDD4D0CB43}.Debug|Any CPU.Build.0 = Debug|Any CPU
		{C4732413-A8B1-4AF4-AACC-73DDD4D0CB43}.Release|Any CPU.ActiveCfg = Release|Any CPU
		{C4732413-A8B1-4AF4-AACC-73DDD4D0CB43}.Release|Any CPU.Build.0 = Release|Any CPU
		{C7E0D9D0-1DC6-482D-9EFC-21BCD96364A3}.Debug|Any CPU.ActiveCfg = Debug|Any CPU
		{C7E0D9D0-1DC6-482D-9EFC-21BCD96364A3}.Debug|Any CPU.Build.0 = Debug|Any CPU
		{C7E0D9D0-1DC6-482D-9EFC-21BCD96364A3}.Release|Any CPU.ActiveCfg = Release|Any CPU
		{C7E0D9D0-1DC6-482D-9EFC-21BCD96364A3}.Release|Any CPU.Build.0 = Release|Any CPU
		{B1E3878A-A9B8-47FB-ABE0-ECFF364293B7}.Debug|Any CPU.ActiveCfg = Debug|Any CPU
		{B1E3878A-A9B8-47FB-ABE0-ECFF364293B7}.Debug|Any CPU.Build.0 = Debug|Any CPU
		{B1E3878A-A9B8-47FB-ABE0-ECFF364293B7}.Release|Any CPU.ActiveCfg = Release|Any CPU
		{B1E3878A-A9B8-47FB-ABE0-ECFF364293B7}.Release|Any CPU.Build.0 = Release|Any CPU
		{C133CCE2-9EF7-40D6-B4CB-DDBF2BCD2427}.Debug|Any CPU.ActiveCfg = Debug|Any CPU
		{C133CCE2-9EF7-40D6-B4CB-DDBF2BCD2427}.Debug|Any CPU.Build.0 = Debug|Any CPU
		{C133CCE2-9EF7-40D6-B4CB-DDBF2BCD2427}.Release|Any CPU.ActiveCfg = Release|Any CPU
		{C133CCE2-9EF7-40D6-B4CB-DDBF2BCD2427}.Release|Any CPU.Build.0 = Release|Any CPU
		{A920136E-A808-4663-B80C-D0AAE201115C}.Debug|Any CPU.ActiveCfg = Debug|Any CPU
		{A920136E-A808-4663-B80C-D0AAE201115C}.Debug|Any CPU.Build.0 = Debug|Any CPU
		{A920136E-A808-4663-B80C-D0AAE201115C}.Release|Any CPU.ActiveCfg = Release|Any CPU
		{A920136E-A808-4663-B80C-D0AAE201115C}.Release|Any CPU.Build.0 = Release|Any CPU
		{6F6F86C2-D006-48D8-BAFB-64755BDE8CDE}.Debug|Any CPU.ActiveCfg = Debug|Any CPU
		{6F6F86C2-D006-48D8-BAFB-64755BDE8CDE}.Debug|Any CPU.Build.0 = Debug|Any CPU
		{6F6F86C2-D006-48D8-BAFB-64755BDE8CDE}.Release|Any CPU.ActiveCfg = Release|Any CPU
		{6F6F86C2-D006-48D8-BAFB-64755BDE8CDE}.Release|Any CPU.Build.0 = Release|Any CPU
		{E5D43E43-04E5-4615-936B-83487DE05139}.Debug|Any CPU.ActiveCfg = Debug|Any CPU
		{E5D43E43-04E5-4615-936B-83487DE05139}.Debug|Any CPU.Build.0 = Debug|Any CPU
		{E5D43E43-04E5-4615-936B-83487DE05139}.Release|Any CPU.ActiveCfg = Release|Any CPU
		{E5D43E43-04E5-4615-936B-83487DE05139}.Release|Any CPU.Build.0 = Release|Any CPU
		{D1CE87DB-0A35-4200-A584-CAC86CB0D659}.Debug|Any CPU.ActiveCfg = Debug|Any CPU
		{D1CE87DB-0A35-4200-A584-CAC86CB0D659}.Debug|Any CPU.Build.0 = Debug|Any CPU
		{D1CE87DB-0A35-4200-A584-CAC86CB0D659}.Release|Any CPU.ActiveCfg = Release|Any CPU
		{D1CE87DB-0A35-4200-A584-CAC86CB0D659}.Release|Any CPU.Build.0 = Release|Any CPU
		{BE5A138C-65CC-4529-8C83-01B7B052D195}.Debug|Any CPU.ActiveCfg = Debug|Any CPU
		{BE5A138C-65CC-4529-8C83-01B7B052D195}.Debug|Any CPU.Build.0 = Debug|Any CPU
		{BE5A138C-65CC-4529-8C83-01B7B052D195}.Release|Any CPU.ActiveCfg = Release|Any CPU
		{BE5A138C-65CC-4529-8C83-01B7B052D195}.Release|Any CPU.Build.0 = Release|Any CPU
		{10773CA9-57F6-42DA-A38D-1D82D79C655D}.Debug|Any CPU.ActiveCfg = Debug|Any CPU
		{10773CA9-57F6-42DA-A38D-1D82D79C655D}.Debug|Any CPU.Build.0 = Debug|Any CPU
		{10773CA9-57F6-42DA-A38D-1D82D79C655D}.Release|Any CPU.ActiveCfg = Release|Any CPU
		{10773CA9-57F6-42DA-A38D-1D82D79C655D}.Release|Any CPU.Build.0 = Release|Any CPU
		{668C7AB6-C74E-4369-BDD3-144F8E26BD36}.Debug|Any CPU.ActiveCfg = Debug|Any CPU
		{668C7AB6-C74E-4369-BDD3-144F8E26BD36}.Debug|Any CPU.Build.0 = Debug|Any CPU
		{668C7AB6-C74E-4369-BDD3-144F8E26BD36}.Release|Any CPU.ActiveCfg = Release|Any CPU
		{668C7AB6-C74E-4369-BDD3-144F8E26BD36}.Release|Any CPU.Build.0 = Release|Any CPU
		{40877346-218B-4FFD-A1DA-07F56975C18E}.Debug|Any CPU.ActiveCfg = Debug|Any CPU
		{40877346-218B-4FFD-A1DA-07F56975C18E}.Debug|Any CPU.Build.0 = Debug|Any CPU
		{40877346-218B-4FFD-A1DA-07F56975C18E}.Release|Any CPU.ActiveCfg = Release|Any CPU
		{40877346-218B-4FFD-A1DA-07F56975C18E}.Release|Any CPU.Build.0 = Release|Any CPU
		{7119987B-CFE6-4C10-862B-BFBC45B9D2CE}.Debug|Any CPU.ActiveCfg = Debug|Any CPU
		{7119987B-CFE6-4C10-862B-BFBC45B9D2CE}.Debug|Any CPU.Build.0 = Debug|Any CPU
		{7119987B-CFE6-4C10-862B-BFBC45B9D2CE}.Release|Any CPU.ActiveCfg = Release|Any CPU
		{7119987B-CFE6-4C10-862B-BFBC45B9D2CE}.Release|Any CPU.Build.0 = Release|Any CPU
		{3DB8CE9D-300F-46AA-8F58-27C0EBAABA4E}.Debug|Any CPU.ActiveCfg = Debug|Any CPU
		{3DB8CE9D-300F-46AA-8F58-27C0EBAABA4E}.Debug|Any CPU.Build.0 = Debug|Any CPU
		{3DB8CE9D-300F-46AA-8F58-27C0EBAABA4E}.Release|Any CPU.ActiveCfg = Release|Any CPU
		{3DB8CE9D-300F-46AA-8F58-27C0EBAABA4E}.Release|Any CPU.Build.0 = Release|Any CPU
		{963B6AE8-6366-46B1-9B94-852B424FD26D}.Debug|Any CPU.ActiveCfg = Debug|Any CPU
		{963B6AE8-6366-46B1-9B94-852B424FD26D}.Debug|Any CPU.Build.0 = Debug|Any CPU
		{963B6AE8-6366-46B1-9B94-852B424FD26D}.Release|Any CPU.ActiveCfg = Release|Any CPU
		{963B6AE8-6366-46B1-9B94-852B424FD26D}.Release|Any CPU.Build.0 = Release|Any CPU
		{E5DD33F0-3EC3-477B-9FF1-9FC1E601870F}.Debug|Any CPU.ActiveCfg = Debug|Any CPU
		{E5DD33F0-3EC3-477B-9FF1-9FC1E601870F}.Debug|Any CPU.Build.0 = Debug|Any CPU
		{E5DD33F0-3EC3-477B-9FF1-9FC1E601870F}.Release|Any CPU.ActiveCfg = Release|Any CPU
		{E5DD33F0-3EC3-477B-9FF1-9FC1E601870F}.Release|Any CPU.Build.0 = Release|Any CPU
		{B9024E2D-C2F5-47B7-9890-4D68976687E0}.Debug|Any CPU.ActiveCfg = Debug|Any CPU
		{B9024E2D-C2F5-47B7-9890-4D68976687E0}.Debug|Any CPU.Build.0 = Debug|Any CPU
		{B9024E2D-C2F5-47B7-9890-4D68976687E0}.Release|Any CPU.ActiveCfg = Release|Any CPU
		{B9024E2D-C2F5-47B7-9890-4D68976687E0}.Release|Any CPU.Build.0 = Release|Any CPU
		{865F2856-DCCE-44BF-99F7-871AD8908951}.Debug|Any CPU.ActiveCfg = Debug|Any CPU
		{865F2856-DCCE-44BF-99F7-871AD8908951}.Debug|Any CPU.Build.0 = Debug|Any CPU
		{865F2856-DCCE-44BF-99F7-871AD8908951}.Release|Any CPU.ActiveCfg = Release|Any CPU
		{865F2856-DCCE-44BF-99F7-871AD8908951}.Release|Any CPU.Build.0 = Release|Any CPU
		{6A62F7D8-CF04-4444-B479-4A87D3AC5B3E}.Debug|Any CPU.ActiveCfg = Debug|Any CPU
		{6A62F7D8-CF04-4444-B479-4A87D3AC5B3E}.Debug|Any CPU.Build.0 = Debug|Any CPU
		{6A62F7D8-CF04-4444-B479-4A87D3AC5B3E}.Release|Any CPU.ActiveCfg = Release|Any CPU
		{6A62F7D8-CF04-4444-B479-4A87D3AC5B3E}.Release|Any CPU.Build.0 = Release|Any CPU
		{7360CF5B-C2E7-4A9A-9AB2-DC82C47FE4CF}.Debug|Any CPU.ActiveCfg = Debug|Any CPU
		{7360CF5B-C2E7-4A9A-9AB2-DC82C47FE4CF}.Debug|Any CPU.Build.0 = Debug|Any CPU
		{7360CF5B-C2E7-4A9A-9AB2-DC82C47FE4CF}.Release|Any CPU.ActiveCfg = Release|Any CPU
		{7360CF5B-C2E7-4A9A-9AB2-DC82C47FE4CF}.Release|Any CPU.Build.0 = Release|Any CPU
		{85AB0C8A-3DC6-4945-A881-C318F6702F38}.Debug|Any CPU.ActiveCfg = Debug|Any CPU
		{85AB0C8A-3DC6-4945-A881-C318F6702F38}.Debug|Any CPU.Build.0 = Debug|Any CPU
		{85AB0C8A-3DC6-4945-A881-C318F6702F38}.Release|Any CPU.ActiveCfg = Release|Any CPU
		{85AB0C8A-3DC6-4945-A881-C318F6702F38}.Release|Any CPU.Build.0 = Release|Any CPU
		{9434524E-E9DE-4F8F-AE67-85CD2EDCD0B5}.Debug|Any CPU.ActiveCfg = Debug|Any CPU
		{9434524E-E9DE-4F8F-AE67-85CD2EDCD0B5}.Debug|Any CPU.Build.0 = Debug|Any CPU
		{9434524E-E9DE-4F8F-AE67-85CD2EDCD0B5}.Release|Any CPU.ActiveCfg = Release|Any CPU
		{9434524E-E9DE-4F8F-AE67-85CD2EDCD0B5}.Release|Any CPU.Build.0 = Release|Any CPU
		{CBDBEDEE-4DC5-4918-9160-4061D69B1204}.Debug|Any CPU.ActiveCfg = Debug|Any CPU
		{CBDBEDEE-4DC5-4918-9160-4061D69B1204}.Debug|Any CPU.Build.0 = Debug|Any CPU
		{CBDBEDEE-4DC5-4918-9160-4061D69B1204}.Release|Any CPU.ActiveCfg = Release|Any CPU
		{CBDBEDEE-4DC5-4918-9160-4061D69B1204}.Release|Any CPU.Build.0 = Release|Any CPU
		{A320FB18-AE5B-4E7A-95D4-0556D2A424F4}.Debug|Any CPU.ActiveCfg = Debug|Any CPU
		{A320FB18-AE5B-4E7A-95D4-0556D2A424F4}.Debug|Any CPU.Build.0 = Debug|Any CPU
		{A320FB18-AE5B-4E7A-95D4-0556D2A424F4}.Release|Any CPU.ActiveCfg = Release|Any CPU
		{A320FB18-AE5B-4E7A-95D4-0556D2A424F4}.Release|Any CPU.Build.0 = Release|Any CPU
		{3B046E18-9DE0-4809-BA56-25FB3D36FA1B}.Debug|Any CPU.ActiveCfg = Debug|Any CPU
		{3B046E18-9DE0-4809-BA56-25FB3D36FA1B}.Debug|Any CPU.Build.0 = Debug|Any CPU
		{3B046E18-9DE0-4809-BA56-25FB3D36FA1B}.Release|Any CPU.ActiveCfg = Release|Any CPU
		{3B046E18-9DE0-4809-BA56-25FB3D36FA1B}.Release|Any CPU.Build.0 = Release|Any CPU
		{6D0A8893-A494-47BD-8FA0-8F220A9EA176}.Debug|Any CPU.ActiveCfg = Debug|Any CPU
		{6D0A8893-A494-47BD-8FA0-8F220A9EA176}.Debug|Any CPU.Build.0 = Debug|Any CPU
		{6D0A8893-A494-47BD-8FA0-8F220A9EA176}.Release|Any CPU.ActiveCfg = Release|Any CPU
		{6D0A8893-A494-47BD-8FA0-8F220A9EA176}.Release|Any CPU.Build.0 = Release|Any CPU
		{A1CB3948-5B69-421C-B249-F4F213E5B4E5}.Debug|Any CPU.ActiveCfg = Debug|Any CPU
		{A1CB3948-5B69-421C-B249-F4F213E5B4E5}.Debug|Any CPU.Build.0 = Debug|Any CPU
		{A1CB3948-5B69-421C-B249-F4F213E5B4E5}.Release|Any CPU.ActiveCfg = Release|Any CPU
		{A1CB3948-5B69-421C-B249-F4F213E5B4E5}.Release|Any CPU.Build.0 = Release|Any CPU
		{3614C40C-2AEB-43A3-B273-DADCDE7E3A5D}.Debug|Any CPU.ActiveCfg = Debug|Any CPU
		{3614C40C-2AEB-43A3-B273-DADCDE7E3A5D}.Debug|Any CPU.Build.0 = Debug|Any CPU
		{3614C40C-2AEB-43A3-B273-DADCDE7E3A5D}.Release|Any CPU.ActiveCfg = Release|Any CPU
		{3614C40C-2AEB-43A3-B273-DADCDE7E3A5D}.Release|Any CPU.Build.0 = Release|Any CPU
		{84A218FF-FB86-426C-99ED-317E86008EA8}.Debug|Any CPU.ActiveCfg = Debug|Any CPU
		{84A218FF-FB86-426C-99ED-317E86008EA8}.Debug|Any CPU.Build.0 = Debug|Any CPU
		{84A218FF-FB86-426C-99ED-317E86008EA8}.Release|Any CPU.ActiveCfg = Release|Any CPU
		{84A218FF-FB86-426C-99ED-317E86008EA8}.Release|Any CPU.Build.0 = Release|Any CPU
		{B599A9DD-435D-4E52-8F21-F0226F6B4409}.Debug|Any CPU.ActiveCfg = Debug|Any CPU
		{B599A9DD-435D-4E52-8F21-F0226F6B4409}.Debug|Any CPU.Build.0 = Debug|Any CPU
		{B599A9DD-435D-4E52-8F21-F0226F6B4409}.Release|Any CPU.ActiveCfg = Release|Any CPU
		{B599A9DD-435D-4E52-8F21-F0226F6B4409}.Release|Any CPU.Build.0 = Release|Any CPU
		{AD06326B-F19D-49E7-98F1-AAED28052679}.Debug|Any CPU.ActiveCfg = Debug|Any CPU
		{AD06326B-F19D-49E7-98F1-AAED28052679}.Debug|Any CPU.Build.0 = Debug|Any CPU
		{AD06326B-F19D-49E7-98F1-AAED28052679}.Release|Any CPU.ActiveCfg = Release|Any CPU
		{AD06326B-F19D-49E7-98F1-AAED28052679}.Release|Any CPU.Build.0 = Release|Any CPU
		{DF34E170-2291-4416-B3C9-48CCBFC81930}.Debug|Any CPU.ActiveCfg = Debug|Any CPU
		{DF34E170-2291-4416-B3C9-48CCBFC81930}.Debug|Any CPU.Build.0 = Debug|Any CPU
		{DF34E170-2291-4416-B3C9-48CCBFC81930}.Release|Any CPU.ActiveCfg = Release|Any CPU
		{DF34E170-2291-4416-B3C9-48CCBFC81930}.Release|Any CPU.Build.0 = Release|Any CPU
		{3D86F79A-CC3E-4FF7-82DD-E97737DD3002}.Debug|Any CPU.ActiveCfg = Debug|Any CPU
		{3D86F79A-CC3E-4FF7-82DD-E97737DD3002}.Debug|Any CPU.Build.0 = Debug|Any CPU
		{3D86F79A-CC3E-4FF7-82DD-E97737DD3002}.Release|Any CPU.ActiveCfg = Release|Any CPU
		{3D86F79A-CC3E-4FF7-82DD-E97737DD3002}.Release|Any CPU.Build.0 = Release|Any CPU
		{E291BFB2-513C-4C23-941B-F6565E936883}.Debug|Any CPU.ActiveCfg = Debug|Any CPU
		{E291BFB2-513C-4C23-941B-F6565E936883}.Debug|Any CPU.Build.0 = Debug|Any CPU
		{E291BFB2-513C-4C23-941B-F6565E936883}.Release|Any CPU.ActiveCfg = Release|Any CPU
		{E291BFB2-513C-4C23-941B-F6565E936883}.Release|Any CPU.Build.0 = Release|Any CPU
	EndGlobalSection
EndGlobal
